
Microsoft Visual Studio Solution File, Format Version 12.00
# Visual Studio Version 17
VisualStudioVersion = 17.0.31903.59
MinimumVisualStudioVersion = 10.0.40219.1
Project("{FAE04EC0-301F-11D3-BF4B-00C04F79EFBC}") = "ApplicationCore", "src\ApplicationCore\ApplicationCore.csproj", "{93C4EE05-6B43-48D7-BDDF-5250319C194B}"
EndProject
Project("{FAE04EC0-301F-11D3-BF4B-00C04F79EFBC}") = "ConsoleGameOfLifeApp", "src\ConsoleGameOfLifeApp\ConsoleGameOfLifeApp.csproj", "{69E6B9D6-6AEC-4EF9-BD57-08C69FB377CA}"
EndProject
Global
	GlobalSection(SolutionConfigurationPlatforms) = preSolution
		Debug|Any CPU = Debug|Any CPU
		Release|Any CPU = Release|Any CPU
	EndGlobalSection
	GlobalSection(SolutionProperties) = preSolution
		HideSolutionNode = FALSE
	EndGlobalSection
	GlobalSection(ProjectConfigurationPlatforms) = postSolution
		{93C4EE05-6B43-48D7-BDDF-5250319C194B}.Debug|Any CPU.ActiveCfg = Debug|Any CPU
		{93C4EE05-6B43-48D7-BDDF-5250319C194B}.Debug|Any CPU.Build.0 = Debug|Any CPU
		{93C4EE05-6B43-48D7-BDDF-5250319C194B}.Release|Any CPU.ActiveCfg = Release|Any CPU
		{93C4EE05-6B43-48D7-BDDF-5250319C194B}.Release|Any CPU.Build.0 = Release|Any CPU
		{69E6B9D6-6AEC-4EF9-BD57-08C69FB377CA}.Debug|Any CPU.ActiveCfg = Debug|Any CPU
		{69E6B9D6-6AEC-4EF9-BD57-08C69FB377CA}.Debug|Any CPU.Build.0 = Debug|Any CPU
		{69E6B9D6-6AEC-4EF9-BD57-08C69FB377CA}.Release|Any CPU.ActiveCfg = Release|Any CPU
		{69E6B9D6-6AEC-4EF9-BD57-08C69FB377CA}.Release|Any CPU.Build.0 = Release|Any CPU
	EndGlobalSection
EndGlobal
